
Microsoft Visual Studio Solution File, Format Version 12.00
# Visual Studio Version 16
VisualStudioVersion = 16.0.32106.194
MinimumVisualStudioVersion = 10.0.40219.1
Project("{FAE04EC0-301F-11D3-BF4B-00C04F79EFBC}") = "Studentenklasse", "Studentenklasse\Studentenklasse.csproj", "{749A71B5-D75F-4152-B5A0-344F03B74DC6}"
EndProject
Project("{FAE04EC0-301F-11D3-BF4B-00C04F79EFBC}") = "StudentKlasseTests", "StudentKlasseTests\StudentKlasseTests.csproj", "{F38A37F7-F66C-4E0B-A6F8-F8DF8A22C4FD}"
EndProject
Global
	GlobalSection(SolutionConfigurationPlatforms) = preSolution
		Debug|Any CPU = Debug|Any CPU
		Release|Any CPU = Release|Any CPU
	EndGlobalSection
	GlobalSection(ProjectConfigurationPlatforms) = postSolution
		{749A71B5-D75F-4152-B5A0-344F03B74DC6}.Debug|Any CPU.ActiveCfg = Debug|Any CPU
		{749A71B5-D75F-4152-B5A0-344F03B74DC6}.Debug|Any CPU.Build.0 = Debug|Any CPU
		{749A71B5-D75F-4152-B5A0-344F03B74DC6}.Release|Any CPU.ActiveCfg = Release|Any CPU
		{749A71B5-D75F-4152-B5A0-344F03B74DC6}.Release|Any CPU.Build.0 = Release|Any CPU
		{F38A37F7-F66C-4E0B-A6F8-F8DF8A22C4FD}.Debug|Any CPU.ActiveCfg = Debug|Any CPU
		{F38A37F7-F66C-4E0B-A6F8-F8DF8A22C4FD}.Debug|Any CPU.Build.0 = Debug|Any CPU
		{F38A37F7-F66C-4E0B-A6F8-F8DF8A22C4FD}.Release|Any CPU.ActiveCfg = Release|Any CPU
		{F38A37F7-F66C-4E0B-A6F8-F8DF8A22C4FD}.Release|Any CPU.Build.0 = Release|Any CPU
	EndGlobalSection
	GlobalSection(SolutionProperties) = preSolution
		HideSolutionNode = FALSE
	EndGlobalSection
	GlobalSection(ExtensibilityGlobals) = postSolution
		SolutionGuid = {AA5F48B5-4F83-400F-BC3C-A18907909DDE}
	EndGlobalSection
EndGlobal
